<?xml version="1.0" encoding="UTF-8"?>
<Project ToolsVersion="12.0" xmlns="http://schemas.microsoft.com/developer/msbuild/2003">
  <ItemGroup>
    <CustomBuild Include="C:\Users\ld\Desktop\x265\CMakeFiles\d761610eddb00c6b3c7c31b5c256dc6f\INSTALL_force.rule">
      <Filter>CMake Rules</Filter>
    </CustomBuild>
  </ItemGroup>
  <ItemGroup>
    <Filter Include="CMake Rules">
      <UniqueIdentifier>{ADD14D7F-5811-3F01-BF9B-570DC8CB0014}</UniqueIdentifier>
    </Filter>
  </ItemGroup>
</Project>
